
Microsoft Visual Studio Solution File, Format Version 12.00
# Visual Studio Version 16
VisualStudioVersion = 16.0.29709.97
MinimumVisualStudioVersion = 10.0.40219.1
Project("{FAE04EC0-301F-11D3-BF4B-00C04F79EFBC}") = "GrpcTest", "GrpcTest\GrpcTest.csproj", "{0865F571-0BFC-4069-8271-38559E0AD9F9}"
EndProject
Global
	GlobalSection(SolutionConfigurationPlatforms) = preSolution
		Debug|Any CPU = Debug|Any CPU
		Release|Any CPU = Release|Any CPU
	EndGlobalSection
	GlobalSection(ProjectConfigurationPlatforms) = postSolution
		{0865F571-0BFC-4069-8271-38559E0AD9F9}.Debug|Any CPU.ActiveCfg = Debug|Any CPU
		{0865F571-0BFC-4069-8271-38559E0AD9F9}.Debug|Any CPU.Build.0 = Debug|Any CPU
		{0865F571-0BFC-4069-8271-38559E0AD9F9}.Release|Any CPU.ActiveCfg = Release|Any CPU
		{0865F571-0BFC-4069-8271-38559E0AD9F9}.Release|Any CPU.Build.0 = Release|Any CPU
	EndGlobalSection
	GlobalSection(SolutionProperties) = preSolution
		HideSolutionNode = FALSE
	EndGlobalSection
	GlobalSection(ExtensibilityGlobals) = postSolution
		SolutionGuid = {0296217B-CA51-4665-9605-F99794959500}
	EndGlobalSection
EndGlobal
